
Microsoft Visual Studio Solution File, Format Version 12.00
# Visual Studio Version 17
VisualStudioVersion = 17.0.31903.59
MinimumVisualStudioVersion = 10.0.40219.1
Project("{FAE04EC0-301F-11D3-BF4B-00C04F79EFBC}") = "ApiVersioningApp", "ApiVersioningApp\ApiVersioningApp.csproj", "{02BF6F42-BFC2-4947-934B-123844255A34}"
EndProject
Project("{FAE04EC0-301F-11D3-BF4B-00C04F79EFBC}") = "ApiVersioningTest", "ApiVersioningTest\ApiVersioningTest.csproj", "{119C05BF-4547-449F-9D8F-063B6F3BB8C7}"
EndProject
Global
	GlobalSection(SolutionConfigurationPlatforms) = preSolution
		Debug|Any CPU = Debug|Any CPU
		Release|Any CPU = Release|Any CPU
	EndGlobalSection
	GlobalSection(SolutionProperties) = preSolution
		HideSolutionNode = FALSE
	EndGlobalSection
	GlobalSection(ProjectConfigurationPlatforms) = postSolution
		{02BF6F42-BFC2-4947-934B-123844255A34}.Debug|Any CPU.ActiveCfg = Debug|Any CPU
		{02BF6F42-BFC2-4947-934B-123844255A34}.Debug|Any CPU.Build.0 = Debug|Any CPU
		{02BF6F42-BFC2-4947-934B-123844255A34}.Release|Any CPU.ActiveCfg = Release|Any CPU
		{02BF6F42-BFC2-4947-934B-123844255A34}.Release|Any CPU.Build.0 = Release|Any CPU
		{119C05BF-4547-449F-9D8F-063B6F3BB8C7}.Debug|Any CPU.ActiveCfg = Debug|Any CPU
		{119C05BF-4547-449F-9D8F-063B6F3BB8C7}.Debug|Any CPU.Build.0 = Debug|Any CPU
		{119C05BF-4547-449F-9D8F-063B6F3BB8C7}.Release|Any CPU.ActiveCfg = Release|Any CPU
		{119C05BF-4547-449F-9D8F-063B6F3BB8C7}.Release|Any CPU.Build.0 = Release|Any CPU
	EndGlobalSection
EndGlobal
